
Microsoft Visual Studio Solution File, Format Version 12.00
# Visual Studio 14
VisualStudioVersion = 14.0.25123.0
MinimumVisualStudioVersion = 10.0.40219.1
Project("{FAE04EC0-301F-11D3-BF4B-00C04F79EFBC}") = "BackOffice", "BackOffice\BackOffice.csproj", "{F1CEAC46-0E2B-45F1-8EDC-D99F77B9DD26}"
EndProject
Project("{FAE04EC0-301F-11D3-BF4B-00C04F79EFBC}") = "FondaDomain", "FondaDomain\FondaDomain.csproj", "{CD756618-286A-4FBC-93A3-0ECCB571B18F}"
EndProject
Global
	GlobalSection(SolutionConfigurationPlatforms) = preSolution
		Debug|Any CPU = Debug|Any CPU
		Release|Any CPU = Release|Any CPU
	EndGlobalSection
	GlobalSection(ProjectConfigurationPlatforms) = postSolution
		{F1CEAC46-0E2B-45F1-8EDC-D99F77B9DD26}.Debug|Any CPU.ActiveCfg = Debug|Any CPU
		{F1CEAC46-0E2B-45F1-8EDC-D99F77B9DD26}.Debug|Any CPU.Build.0 = Debug|Any CPU
		{F1CEAC46-0E2B-45F1-8EDC-D99F77B9DD26}.Release|Any CPU.ActiveCfg = Release|Any CPU
		{F1CEAC46-0E2B-45F1-8EDC-D99F77B9DD26}.Release|Any CPU.Build.0 = Release|Any CPU
		{CD756618-286A-4FBC-93A3-0ECCB571B18F}.Debug|Any CPU.ActiveCfg = Debug|Any CPU
		{CD756618-286A-4FBC-93A3-0ECCB571B18F}.Debug|Any CPU.Build.0 = Debug|Any CPU
		{CD756618-286A-4FBC-93A3-0ECCB571B18F}.Release|Any CPU.ActiveCfg = Release|Any CPU
		{CD756618-286A-4FBC-93A3-0ECCB571B18F}.Release|Any CPU.Build.0 = Release|Any CPU
	EndGlobalSection
	GlobalSection(SolutionProperties) = preSolution
		HideSolutionNode = FALSE
	EndGlobalSection
EndGlobal
