
Microsoft Visual Studio Solution File, Format Version 12.00
# Visual Studio 14
VisualStudioVersion = 14.0.25123.0
MinimumVisualStudioVersion = 10.0.40219.1
Project("{2150E333-8FDC-42A3-9474-1A3956D46DE8}") = "Tests", "Tests", "{3FD09AD5-A7C8-46AB-B509-645E57102C7E}"
EndProject
Project("{FAE04EC0-301F-11D3-BF4B-00C04F79EFBC}") = "FondaDataAccessTest", "FondaDataAccessTest\FondaDataAccessTest.csproj", "{EBFAF3E4-16CF-47C2-90B0-15F9C2BF173A}"
EndProject
Project("{FAE04EC0-301F-11D3-BF4B-00C04F79EFBC}") = "FondaBackEndLogicTest", "FondaBackEndLogicTest\FondaBackEndLogicTest.csproj", "{1EC87A43-BA3E-466E-9B6D-2F086FAEFE97}"
	ProjectSection(ProjectDependencies) = postProject
		{A1BE7D6C-7750-4795-AABF-B397E079C918} = {A1BE7D6C-7750-4795-AABF-B397E079C918}
	EndProjectSection
EndProject
Project("{2150E333-8FDC-42A3-9474-1A3956D46DE8}") = "Domain", "Domain", "{FA87DE04-5EAC-4FA1-B862-700225DD2217}"
EndProject
Project("{FAE04EC0-301F-11D3-BF4B-00C04F79EFBC}") = "FondaDomain", "FondaDomain\FondaDomain.csproj", "{CD756618-286A-4FBC-93A3-0ECCB571B18F}"
EndProject
Project("{2150E333-8FDC-42A3-9474-1A3956D46DE8}") = "View", "View", "{AD8307F1-7074-4098-B430-D4B9EBE3EEAE}"
EndProject
Project("{FAE04EC0-301F-11D3-BF4B-00C04F79EFBC}") = "BackOffice", "BackOffice\BackOffice.csproj", "{F1CEAC46-0E2B-45F1-8EDC-D99F77B9DD26}"
EndProject
Project("{FAE04EC0-301F-11D3-BF4B-00C04F79EFBC}") = "BackOfficeContracts", "BackOfficeModel\BackOfficeContracts.csproj", "{0C4A3E0C-4E85-46B0-A6B0-A6DC2BCE3D8B}"
EndProject
Project("{FAE04EC0-301F-11D3-BF4B-00C04F79EFBC}") = "BackOfficePresenter", "BackOfficePresenter\BackOfficePresenter.csproj", "{FDE7B2A6-7496-4680-AB18-A336EEBBE62E}"
EndProject
Project("{2150E333-8FDC-42A3-9474-1A3956D46DE8}") = "Logic", "Logic", "{AFDE5EAC-9239-4C92-A21C-5D05605B4E28}"
EndProject
Project("{FAE04EC0-301F-11D3-BF4B-00C04F79EFBC}") = "FondaLogic", "FondaLogic\FondaLogic.csproj", "{64636DF8-E693-4ABB-8964-5C7FA5A6A50E}"
EndProject
Project("{FAE04EC0-301F-11D3-BF4B-00C04F79EFBC}") = "FondaBackEndLogic", "FondaBeckEndLogic\FondaBackEndLogic.csproj", "{A1BE7D6C-7750-4795-AABF-B397E079C918}"
EndProject
Project("{2150E333-8FDC-42A3-9474-1A3956D46DE8}") = "DataAccess", "DataAccess", "{A294F905-A7E9-44D7-8A64-0DE4E7282CAA}"
EndProject
Project("{FAE04EC0-301F-11D3-BF4B-00C04F79EFBC}") = "FondaDataAccess", "FondaDataAccess\FondaDataAccess.csproj", "{4A769797-45C6-4AD9-95FD-7B950D937D1C}"
EndProject
Project("{2150E333-8FDC-42A3-9474-1A3956D46DE8}") = "Resources", "Resources", "{5D3A3955-572B-47DC-B2E0-9F9CC91F305D}"
EndProject
Project("{FAE04EC0-301F-11D3-BF4B-00C04F79EFBC}") = "FondaResources", "FondaResources\FondaResources.csproj", "{3184FE34-D7E3-44F6-95D9-25D1045BFFC8}"
EndProject
Project("{2150E333-8FDC-42A3-9474-1A3956D46DE8}") = "WebService", "WebService", "{7027CB04-C59A-420D-BA4B-9FC0F59BD12A}"
EndProject
Project("{FAE04EC0-301F-11D3-BF4B-00C04F79EFBC}") = "FondaBackEnd", "FondaBackEnd\FondaBackEnd.csproj", "{10A96533-96E6-48F2-A687-0FDCC1A76B28}"
EndProject
Project("{FAE04EC0-301F-11D3-BF4B-00C04F79EFBC}") = "FondaBackOfficeLogicTest", "FondaBackOfficeLogicTest\FondaBackOfficeLogicTest.csproj", "{CA0E4233-6BDC-4C4D-85EF-65A0494B33A0}"
EndProject
Project("{FAE04EC0-301F-11D3-BF4B-00C04F79EFBC}") = "FondaMVPTest", "FondaMVPTest\FondaMVPTest.csproj", "{69BF5DB6-69B0-4FFA-AEB1-D32E75175895}"
EndProject
Global
	GlobalSection(SolutionConfigurationPlatforms) = preSolution
		Debug|Any CPU = Debug|Any CPU
		Release|Any CPU = Release|Any CPU
	EndGlobalSection
	GlobalSection(ProjectConfigurationPlatforms) = postSolution
		{EBFAF3E4-16CF-47C2-90B0-15F9C2BF173A}.Debug|Any CPU.ActiveCfg = Debug|Any CPU
		{EBFAF3E4-16CF-47C2-90B0-15F9C2BF173A}.Debug|Any CPU.Build.0 = Debug|Any CPU
		{EBFAF3E4-16CF-47C2-90B0-15F9C2BF173A}.Release|Any CPU.ActiveCfg = Release|Any CPU
		{EBFAF3E4-16CF-47C2-90B0-15F9C2BF173A}.Release|Any CPU.Build.0 = Release|Any CPU
		{1EC87A43-BA3E-466E-9B6D-2F086FAEFE97}.Debug|Any CPU.ActiveCfg = Debug|Any CPU
		{1EC87A43-BA3E-466E-9B6D-2F086FAEFE97}.Debug|Any CPU.Build.0 = Debug|Any CPU
		{1EC87A43-BA3E-466E-9B6D-2F086FAEFE97}.Release|Any CPU.ActiveCfg = Release|Any CPU
		{1EC87A43-BA3E-466E-9B6D-2F086FAEFE97}.Release|Any CPU.Build.0 = Release|Any CPU
		{CD756618-286A-4FBC-93A3-0ECCB571B18F}.Debug|Any CPU.ActiveCfg = Debug|Any CPU
		{CD756618-286A-4FBC-93A3-0ECCB571B18F}.Debug|Any CPU.Build.0 = Debug|Any CPU
		{CD756618-286A-4FBC-93A3-0ECCB571B18F}.Release|Any CPU.ActiveCfg = Release|Any CPU
		{CD756618-286A-4FBC-93A3-0ECCB571B18F}.Release|Any CPU.Build.0 = Release|Any CPU
		{F1CEAC46-0E2B-45F1-8EDC-D99F77B9DD26}.Debug|Any CPU.ActiveCfg = Debug|Any CPU
		{F1CEAC46-0E2B-45F1-8EDC-D99F77B9DD26}.Debug|Any CPU.Build.0 = Debug|Any CPU
		{F1CEAC46-0E2B-45F1-8EDC-D99F77B9DD26}.Release|Any CPU.ActiveCfg = Release|Any CPU
		{F1CEAC46-0E2B-45F1-8EDC-D99F77B9DD26}.Release|Any CPU.Build.0 = Release|Any CPU
		{0C4A3E0C-4E85-46B0-A6B0-A6DC2BCE3D8B}.Debug|Any CPU.ActiveCfg = Debug|Any CPU
		{0C4A3E0C-4E85-46B0-A6B0-A6DC2BCE3D8B}.Debug|Any CPU.Build.0 = Debug|Any CPU
		{0C4A3E0C-4E85-46B0-A6B0-A6DC2BCE3D8B}.Release|Any CPU.ActiveCfg = Release|Any CPU
		{0C4A3E0C-4E85-46B0-A6B0-A6DC2BCE3D8B}.Release|Any CPU.Build.0 = Release|Any CPU
		{FDE7B2A6-7496-4680-AB18-A336EEBBE62E}.Debug|Any CPU.ActiveCfg = Debug|Any CPU
		{FDE7B2A6-7496-4680-AB18-A336EEBBE62E}.Debug|Any CPU.Build.0 = Debug|Any CPU
		{FDE7B2A6-7496-4680-AB18-A336EEBBE62E}.Release|Any CPU.ActiveCfg = Release|Any CPU
		{FDE7B2A6-7496-4680-AB18-A336EEBBE62E}.Release|Any CPU.Build.0 = Release|Any CPU
		{64636DF8-E693-4ABB-8964-5C7FA5A6A50E}.Debug|Any CPU.ActiveCfg = Debug|Any CPU
		{64636DF8-E693-4ABB-8964-5C7FA5A6A50E}.Debug|Any CPU.Build.0 = Debug|Any CPU
		{64636DF8-E693-4ABB-8964-5C7FA5A6A50E}.Release|Any CPU.ActiveCfg = Release|Any CPU
		{64636DF8-E693-4ABB-8964-5C7FA5A6A50E}.Release|Any CPU.Build.0 = Release|Any CPU
		{A1BE7D6C-7750-4795-AABF-B397E079C918}.Debug|Any CPU.ActiveCfg = Debug|Any CPU
		{A1BE7D6C-7750-4795-AABF-B397E079C918}.Debug|Any CPU.Build.0 = Debug|Any CPU
		{A1BE7D6C-7750-4795-AABF-B397E079C918}.Release|Any CPU.ActiveCfg = Release|Any CPU
		{A1BE7D6C-7750-4795-AABF-B397E079C918}.Release|Any CPU.Build.0 = Release|Any CPU
		{4A769797-45C6-4AD9-95FD-7B950D937D1C}.Debug|Any CPU.ActiveCfg = Debug|Any CPU
		{4A769797-45C6-4AD9-95FD-7B950D937D1C}.Debug|Any CPU.Build.0 = Debug|Any CPU
		{4A769797-45C6-4AD9-95FD-7B950D937D1C}.Release|Any CPU.ActiveCfg = Release|Any CPU
		{4A769797-45C6-4AD9-95FD-7B950D937D1C}.Release|Any CPU.Build.0 = Release|Any CPU
		{3184FE34-D7E3-44F6-95D9-25D1045BFFC8}.Debug|Any CPU.ActiveCfg = Debug|Any CPU
		{3184FE34-D7E3-44F6-95D9-25D1045BFFC8}.Debug|Any CPU.Build.0 = Debug|Any CPU
		{3184FE34-D7E3-44F6-95D9-25D1045BFFC8}.Release|Any CPU.ActiveCfg = Release|Any CPU
		{3184FE34-D7E3-44F6-95D9-25D1045BFFC8}.Release|Any CPU.Build.0 = Release|Any CPU
		{10A96533-96E6-48F2-A687-0FDCC1A76B28}.Debug|Any CPU.ActiveCfg = Debug|Any CPU
		{10A96533-96E6-48F2-A687-0FDCC1A76B28}.Debug|Any CPU.Build.0 = Debug|Any CPU
		{10A96533-96E6-48F2-A687-0FDCC1A76B28}.Release|Any CPU.ActiveCfg = Release|Any CPU
		{10A96533-96E6-48F2-A687-0FDCC1A76B28}.Release|Any CPU.Build.0 = Release|Any CPU
		{CA0E4233-6BDC-4C4D-85EF-65A0494B33A0}.Debug|Any CPU.ActiveCfg = Debug|Any CPU
		{CA0E4233-6BDC-4C4D-85EF-65A0494B33A0}.Debug|Any CPU.Build.0 = Debug|Any CPU
		{CA0E4233-6BDC-4C4D-85EF-65A0494B33A0}.Release|Any CPU.ActiveCfg = Release|Any CPU
		{CA0E4233-6BDC-4C4D-85EF-65A0494B33A0}.Release|Any CPU.Build.0 = Release|Any CPU
		{69BF5DB6-69B0-4FFA-AEB1-D32E75175895}.Debug|Any CPU.ActiveCfg = Debug|Any CPU
		{69BF5DB6-69B0-4FFA-AEB1-D32E75175895}.Debug|Any CPU.Build.0 = Debug|Any CPU
		{69BF5DB6-69B0-4FFA-AEB1-D32E75175895}.Release|Any CPU.ActiveCfg = Release|Any CPU
		{69BF5DB6-69B0-4FFA-AEB1-D32E75175895}.Release|Any CPU.Build.0 = Release|Any CPU
	EndGlobalSection
	GlobalSection(SolutionProperties) = preSolution
		HideSolutionNode = FALSE
	EndGlobalSection
	GlobalSection(NestedProjects) = preSolution
		{EBFAF3E4-16CF-47C2-90B0-15F9C2BF173A} = {3FD09AD5-A7C8-46AB-B509-645E57102C7E}
		{1EC87A43-BA3E-466E-9B6D-2F086FAEFE97} = {3FD09AD5-A7C8-46AB-B509-645E57102C7E}
		{CD756618-286A-4FBC-93A3-0ECCB571B18F} = {FA87DE04-5EAC-4FA1-B862-700225DD2217}
		{F1CEAC46-0E2B-45F1-8EDC-D99F77B9DD26} = {AD8307F1-7074-4098-B430-D4B9EBE3EEAE}
		{0C4A3E0C-4E85-46B0-A6B0-A6DC2BCE3D8B} = {AD8307F1-7074-4098-B430-D4B9EBE3EEAE}
		{FDE7B2A6-7496-4680-AB18-A336EEBBE62E} = {AD8307F1-7074-4098-B430-D4B9EBE3EEAE}
		{64636DF8-E693-4ABB-8964-5C7FA5A6A50E} = {AFDE5EAC-9239-4C92-A21C-5D05605B4E28}
		{A1BE7D6C-7750-4795-AABF-B397E079C918} = {AFDE5EAC-9239-4C92-A21C-5D05605B4E28}
		{4A769797-45C6-4AD9-95FD-7B950D937D1C} = {A294F905-A7E9-44D7-8A64-0DE4E7282CAA}
		{3184FE34-D7E3-44F6-95D9-25D1045BFFC8} = {5D3A3955-572B-47DC-B2E0-9F9CC91F305D}
		{10A96533-96E6-48F2-A687-0FDCC1A76B28} = {7027CB04-C59A-420D-BA4B-9FC0F59BD12A}
		{CA0E4233-6BDC-4C4D-85EF-65A0494B33A0} = {3FD09AD5-A7C8-46AB-B509-645E57102C7E}
		{69BF5DB6-69B0-4FFA-AEB1-D32E75175895} = {3FD09AD5-A7C8-46AB-B509-645E57102C7E}
	EndGlobalSection
EndGlobal
